
Microsoft Visual Studio Solution File, Format Version 12.00
# Visual Studio 15
VisualStudioVersion = 15.0.27428.2015
MinimumVisualStudioVersion = 10.0.40219.1
Project("{FAE04EC0-301F-11D3-BF4B-00C04F79EFBC}") = "TetrisMobKata", "TetrisMobKata\TetrisMobKata.csproj", "{F699E28A-1D62-4533-8DF4-6F9AE85F6CEB}"
EndProject
Project("{FAE04EC0-301F-11D3-BF4B-00C04F79EFBC}") = "TetrisMobKata.Test", "TetrisMobKata.Test\TetrisMobKata.Test.csproj", "{0630BC48-FB96-494C-9561-38DE63D1DCCD}"
EndProject
Global
	GlobalSection(SolutionConfigurationPlatforms) = preSolution
		Debug|Any CPU = Debug|Any CPU
		Release|Any CPU = Release|Any CPU
	EndGlobalSection
	GlobalSection(ProjectConfigurationPlatforms) = postSolution
		{F699E28A-1D62-4533-8DF4-6F9AE85F6CEB}.Debug|Any CPU.ActiveCfg = Debug|Any CPU
		{F699E28A-1D62-4533-8DF4-6F9AE85F6CEB}.Debug|Any CPU.Build.0 = Debug|Any CPU
		{F699E28A-1D62-4533-8DF4-6F9AE85F6CEB}.Release|Any CPU.ActiveCfg = Release|Any CPU
		{F699E28A-1D62-4533-8DF4-6F9AE85F6CEB}.Release|Any CPU.Build.0 = Release|Any CPU
		{0630BC48-FB96-494C-9561-38DE63D1DCCD}.Debug|Any CPU.ActiveCfg = Debug|Any CPU
		{0630BC48-FB96-494C-9561-38DE63D1DCCD}.Debug|Any CPU.Build.0 = Debug|Any CPU
		{0630BC48-FB96-494C-9561-38DE63D1DCCD}.Release|Any CPU.ActiveCfg = Release|Any CPU
		{0630BC48-FB96-494C-9561-38DE63D1DCCD}.Release|Any CPU.Build.0 = Release|Any CPU
	EndGlobalSection
	GlobalSection(SolutionProperties) = preSolution
		HideSolutionNode = FALSE
	EndGlobalSection
	GlobalSection(ExtensibilityGlobals) = postSolution
		SolutionGuid = {63568741-3285-4255-AC79-CE9712001066}
	EndGlobalSection
EndGlobal
